
Microsoft Visual Studio Solution File, Format Version 12.00
# Visual Studio Version 16
VisualStudioVersion = 16.0.30011.22
MinimumVisualStudioVersion = 10.0.40219.1
Project("{9A19103F-16F7-4668-BE54-9A1E7A4F7556}") = "FlightControlWeb", "FlightControlWeb\FlightControlWeb.csproj", "{79A9518A-AECA-4A7C-9511-FF4E2E772828}"
EndProject
Project("{9A19103F-16F7-4668-BE54-9A1E7A4F7556}") = "FlightControlWeb.Tests", "FlightControlWeb.Tests\FlightControlWeb.Tests.csproj", "{D8519CFA-D5EA-463D-ADAD-92C171B247E0}"
EndProject
Global
	GlobalSection(SolutionConfigurationPlatforms) = preSolution
		Debug|Any CPU = Debug|Any CPU
		Release|Any CPU = Release|Any CPU
	EndGlobalSection
	GlobalSection(ProjectConfigurationPlatforms) = postSolution
		{79A9518A-AECA-4A7C-9511-FF4E2E772828}.Debug|Any CPU.ActiveCfg = Debug|Any CPU
		{79A9518A-AECA-4A7C-9511-FF4E2E772828}.Debug|Any CPU.Build.0 = Debug|Any CPU
		{79A9518A-AECA-4A7C-9511-FF4E2E772828}.Release|Any CPU.ActiveCfg = Release|Any CPU
		{79A9518A-AECA-4A7C-9511-FF4E2E772828}.Release|Any CPU.Build.0 = Release|Any CPU
		{D8519CFA-D5EA-463D-ADAD-92C171B247E0}.Debug|Any CPU.ActiveCfg = Debug|Any CPU
		{D8519CFA-D5EA-463D-ADAD-92C171B247E0}.Debug|Any CPU.Build.0 = Debug|Any CPU
		{D8519CFA-D5EA-463D-ADAD-92C171B247E0}.Release|Any CPU.ActiveCfg = Release|Any CPU
		{D8519CFA-D5EA-463D-ADAD-92C171B247E0}.Release|Any CPU.Build.0 = Release|Any CPU
	EndGlobalSection
	GlobalSection(SolutionProperties) = preSolution
		HideSolutionNode = FALSE
	EndGlobalSection
	GlobalSection(ExtensibilityGlobals) = postSolution
		SolutionGuid = {5F90DFE9-C32A-4822-BB94-A7A06F4B1BE6}
	EndGlobalSection
EndGlobal
